
Microsoft Visual Studio Solution File, Format Version 12.00
# Visual Studio Version 16
VisualStudioVersion = 16.0.31005.135
MinimumVisualStudioVersion = 10.0.40219.1
Project("{8BC9CEB8-8B4A-11D0-8D11-00A0C91BC942}") = "FILE_SYSTEM", "FILE_SYSTEM\FILE_SYSTEM.vcxproj", "{453E3D78-9F88-45D4-8640-54E821064C80}"
EndProject
Global
	GlobalSection(SolutionConfigurationPlatforms) = preSolution
		Debug|x64 = Debug|x64
		Debug|x86 = Debug|x86
		Release|x64 = Release|x64
		Release|x86 = Release|x86
	EndGlobalSection
	GlobalSection(ProjectConfigurationPlatforms) = postSolution
		{453E3D78-9F88-45D4-8640-54E821064C80}.Debug|x64.ActiveCfg = Debug|x64
		{453E3D78-9F88-45D4-8640-54E821064C80}.Debug|x64.Build.0 = Debug|x64
		{453E3D78-9F88-45D4-8640-54E821064C80}.Debug|x86.ActiveCfg = Debug|Win32
		{453E3D78-9F88-45D4-8640-54E821064C80}.Debug|x86.Build.0 = Debug|Win32
		{453E3D78-9F88-45D4-8640-54E821064C80}.Release|x64.ActiveCfg = Release|x64
		{453E3D78-9F88-45D4-8640-54E821064C80}.Release|x64.Build.0 = Release|x64
		{453E3D78-9F88-45D4-8640-54E821064C80}.Release|x86.ActiveCfg = Release|Win32
		{453E3D78-9F88-45D4-8640-54E821064C80}.Release|x86.Build.0 = Release|Win32
	EndGlobalSection
	GlobalSection(SolutionProperties) = preSolution
		HideSolutionNode = FALSE
	EndGlobalSection
	GlobalSection(ExtensibilityGlobals) = postSolution
		SolutionGuid = {944940E6-E792-496E-8C1F-6E540CA172A7}
	EndGlobalSection
EndGlobal
